
Microsoft Visual Studio Solution File, Format Version 12.00
# Visual Studio Version 17
VisualStudioVersion = 17.1.32407.343
MinimumVisualStudioVersion = 10.0.40219.1
Project("{9A19103F-16F7-4668-BE54-9A1E7A4F7556}") = "FoodAppWebApi", "FoodAppWebApi.csproj", "{7FAD1EF2-8CD3-4DA9-B284-482C77AF89C0}"
EndProject
Project("{9A19103F-16F7-4668-BE54-9A1E7A4F7556}") = "FoodDeliveryApplication", "..\..\FoodDeliveryClient\FoodDeliveryApplication\FoodDeliveryApplication.csproj", "{D7A21BB5-083B-4205-806D-19E4F43ACCF0}"
EndProject
Global
	GlobalSection(SolutionConfigurationPlatforms) = preSolution
		Debug|Any CPU = Debug|Any CPU
		Release|Any CPU = Release|Any CPU
	EndGlobalSection
	GlobalSection(ProjectConfigurationPlatforms) = postSolution
		{7FAD1EF2-8CD3-4DA9-B284-482C77AF89C0}.Debug|Any CPU.ActiveCfg = Debug|Any CPU
		{7FAD1EF2-8CD3-4DA9-B284-482C77AF89C0}.Debug|Any CPU.Build.0 = Debug|Any CPU
		{7FAD1EF2-8CD3-4DA9-B284-482C77AF89C0}.Release|Any CPU.ActiveCfg = Release|Any CPU
		{7FAD1EF2-8CD3-4DA9-B284-482C77AF89C0}.Release|Any CPU.Build.0 = Release|Any CPU
		{D7A21BB5-083B-4205-806D-19E4F43ACCF0}.Debug|Any CPU.ActiveCfg = Debug|Any CPU
		{D7A21BB5-083B-4205-806D-19E4F43ACCF0}.Debug|Any CPU.Build.0 = Debug|Any CPU
		{D7A21BB5-083B-4205-806D-19E4F43ACCF0}.Release|Any CPU.ActiveCfg = Release|Any CPU
		{D7A21BB5-083B-4205-806D-19E4F43ACCF0}.Release|Any CPU.Build.0 = Release|Any CPU
	EndGlobalSection
	GlobalSection(SolutionProperties) = preSolution
		HideSolutionNode = FALSE
	EndGlobalSection
	GlobalSection(ExtensibilityGlobals) = postSolution
		SolutionGuid = {E05F8793-1974-4998-B6C9-91FA7952B9A7}
	EndGlobalSection
EndGlobal
